
Microsoft Visual Studio Solution File, Format Version 12.00
# Visual Studio Version 17
VisualStudioVersion = 17.12.35514.174 d17.12
MinimumVisualStudioVersion = 10.0.40219.1
Project("{FAE04EC0-301F-11D3-BF4B-00C04F79EFBC}") = "SO-CC2", "SO-CC2\SO-CC2.csproj", "{D7F1B0A9-D7FD-42CA-9B87-A2E3EA6B567B}"
EndProject
Global
	GlobalSection(SolutionConfigurationPlatforms) = preSolution
		Debug|Any CPU = Debug|Any CPU
		Release|Any CPU = Release|Any CPU
	EndGlobalSection
	GlobalSection(ProjectConfigurationPlatforms) = postSolution
		{D7F1B0A9-D7FD-42CA-9B87-A2E3EA6B567B}.Debug|Any CPU.ActiveCfg = Debug|Any CPU
		{D7F1B0A9-D7FD-42CA-9B87-A2E3EA6B567B}.Debug|Any CPU.Build.0 = Debug|Any CPU
		{D7F1B0A9-D7FD-42CA-9B87-A2E3EA6B567B}.Release|Any CPU.ActiveCfg = Release|Any CPU
		{D7F1B0A9-D7FD-42CA-9B87-A2E3EA6B567B}.Release|Any CPU.Build.0 = Release|Any CPU
	EndGlobalSection
	GlobalSection(SolutionProperties) = preSolution
		HideSolutionNode = FALSE
	EndGlobalSection
EndGlobal
